// !$*UTF8*$!
{
	archiveVersion = 1;
	classes = {
	};
	objectVersion = 46;
	objects = {

/* Begin PBXBuildFile section */
		FA371B6C1FEE5D3400CF1012 /* AppDelegate.swift in Sources */ = {isa = PBXBuildFile; fileRef = FA371B6B1FEE5D3400CF1012 /* AppDelegate.swift */; };
		FA371B6E1FEE5D3400CF1012 /* ViewController.swift in Sources */ = {isa = PBXBuildFile; fileRef = FA371B6D1FEE5D3400CF1012 /* ViewController.swift */; };
		FA371B711FEE5D3400CF1012 /* Main.storyboard in Resources */ = {isa = PBXBuildFile; fileRef = FA371B6F1FEE5D3400CF1012 /* Main.storyboard */; };
		FA371B731FEE5D3400CF1012 /* Assets.xcassets in Resources */ = {isa = PBXBuildFile; fileRef = FA371B721FEE5D3400CF1012 /* Assets.xcassets */; };
		FA371B761FEE5D3400CF1012 /* LaunchScreen.storyboard in Resources */ = {isa = PBXBuildFile; fileRef = FA371B741FEE5D3400CF1012 /* LaunchScreen.storyboard */; };
		FA371B7F1FEE8AEE00CF1012 /* Product.swift in Sources */ = {isa = PBXBuildFile; fileRef = FA371B7E1FEE8AEE00CF1012 /* Product.swift */; };
		FA371B821FEE940300CF1012 /* AddNewViewController.swift in Sources */ = {isa = PBXBuildFile; fileRef = FA371B811FEE940300CF1012 /* AddNewViewController.swift */; };
/* End PBXBuildFile section */

/* Begin PBXFileReference section */
		FA371B681FEE5D3400CF1012 /* iCameraApp.app */ = {isa = PBXFileReference; explicitFileType = wrapper.application; includeInIndex = 0; path = iCameraApp.app; sourceTree = BUILT_PRODUCTS_DIR; };
		FA371B6B1FEE5D3400CF1012 /* AppDelegate.swift */ = {isa = PBXFileReference; lastKnownFileType = sourcecode.swift; path = AppDelegate.swift; sourceTree = "<group>"; };
		FA371B6D1FEE5D3400CF1012 /* ViewController.swift */ = {isa = PBXFileReference; lastKnownFileType = sourcecode.swift; path = ViewController.swift; sourceTree = "<group>"; };
		FA371B701FEE5D3400CF1012 /* Base */ = {isa = PBXFileReference; lastKnownFileType = file.storyboard; name = Base; path = Base.lproj/Main.storyboard; sourceTree = "<group>"; };
		FA371B721FEE5D3400CF1012 /* Assets.xcassets */ = {isa = PBXFileReference; lastKnownFileType = folder.assetcatalog; path = Assets.xcassets; sourceTree = "<group>"; };
		FA371B751FEE5D3400CF1012 /* Base */ = {isa = PBXFileReference; lastKnownFileType = file.storyboard; name = Base; path = Base.lproj/LaunchScreen.storyboard; sourceTree = "<group>"; };
		FA371B771FEE5D3400CF1012 /* Info.plist */ = {isa = PBXFileReference; lastKnownFileType = text.plist.xml; path = Info.plist; sourceTree = "<group>"; };
		FA371B7E1FEE8AEE00CF1012 /* Product.swift */ = {isa = PBXFileReference; fileEncoding = 4; lastKnownFileType = sourcecode.swift; path = Product.swift; sourceTree = "<group>"; };
		FA371B811FEE940300CF1012 /* AddNewViewController.swift */ = {isa = PBXFileReference; fileEncoding = 4; lastKnownFileType = sourcecode.swift; path = AddNewViewController.swift; sourceTree = "<group>"; };
/* End PBXFileReference section */

/* Begin PBXFrameworksBuildPhase section */
		FA371B651FEE5D3400CF1012 /* Frameworks */ = {
			isa = PBXFrameworksBuildPhase;
			buildActionMask = 2147483647;
			files = (
			);
			runOnlyForDeploymentPostprocessing = 0;
		};
/* End PBXFrameworksBuildPhase section */

/* Begin PBXGroup section */
		FA371B5F1FEE5D3400CF1012 = {
			isa = PBXGroup;
			children = (
				FA371B6A1FEE5D3400CF1012 /* iCameraApp */,
				FA371B691FEE5D3400CF1012 /* Products */,
			);
			sourceTree = "<group>";
		};
		FA371B691FEE5D3400CF1012 /* Products */ = {
			isa = PBXGroup;
			children = (
				FA371B681FEE5D3400CF1012 /* iCameraApp.app */,
			);
			name = Products;
			sourceTree = "<group>";
		};
		FA371B6A1FEE5D3400CF1012 /* iCameraApp */ = {
			isa = PBXGroup;
			children = (
				FA371B801FEE93DE00CF1012 /* Controller */,
				FA371B7D1FEE8AD100CF1012 /* Model */,
				FA371B6B1FEE5D3400CF1012 /* AppDelegate.swift */,
				FA371B6D1FEE5D3400CF1012 /* ViewController.swift */,
				FA371B6F1FEE5D3400CF1012 /* Main.storyboard */,
				FA371B721FEE5D3400CF1012 /* Assets.xcassets */,
				FA371B741FEE5D3400CF1012 /* LaunchScreen.storyboard */,
				FA371B771FEE5D3400CF1012 /* Info.plist */,
			);
			path = iCameraApp;
			sourceTree = "<group>";
		};
		FA371B7D1FEE8AD100CF1012 /* Model */ = {
			isa = PBXGroup;
			children = (
				FA371B7E1FEE8AEE00CF1012 /* Product.swift */,
			);
			name = Model;
			sourceTree = "<group>";
		};
		FA371B801FEE93DE00CF1012 /* Controller */ = {
			isa = PBXGroup;
			children = (
				FA371B811FEE940300CF1012 /* AddNewViewController.swift */,
			);
			name = Controller;
			sourceTree = "<group>";
		};
/* End PBXGroup section */

/* Begin PBXNativeTarget section */
		FA371B671FEE5D3400CF1012 /* iCameraApp */ = {
			isa = PBXNativeTarget;
			buildConfigurationList = FA371B7A1FEE5D3400CF1012 /* Build configuration list for PBXNativeTarget "iCameraApp" */;
			buildPhases = (
				FA371B641FEE5D3400CF1012 /* Sources */,
				FA371B651FEE5D3400CF1012 /* Frameworks */,
				FA371B661FEE5D3400CF1012 /* Resources */,
			);
			buildRules = (
			);
			dependencies = (
			);
			name = iCameraApp;
			productName = iCameraApp;
			productReference = FA371B681FEE5D3400CF1012 /* iCameraApp.app */;
			productType = "com.apple.product-type.application";
		};
/* End PBXNativeTarget section */

/* Begin PBXProject section */
		FA371B601FEE5D3400CF1012 /* Project object */ = {
			isa = PBXProject;
			attributes = {
				LastSwiftUpdateCheck = 0830;
				LastUpgradeCheck = 0830;
				ORGANIZATIONNAME = Macbook;
				TargetAttributes = {
					FA371B671FEE5D3400CF1012 = {
						CreatedOnToolsVersion = 8.3.3;
						ProvisioningStyle = Automatic;
					};
				};
			};
			buildConfigurationList = FA371B631FEE5D3400CF1012 /* Build configuration list for PBXProject "iCameraApp" */;
			compatibilityVersion = "Xcode 3.2";
			developmentRegion = English;
			hasScannedForEncodings = 0;
			knownRegions = (
				en,
				Base,
			);
			mainGroup = FA371B5F1FEE5D3400CF1012;
			productRefGroup = FA371B691FEE5D3400CF1012 /* Products */;
			projectDirPath = "";
			projectRoot = "";
			targets = (
				FA371B671FEE5D3400CF1012 /* iCameraApp */,
			);
		};
/* End PBXProject section */

/* Begin PBXResourcesBuildPhase section */
		FA371B661FEE5D3400CF1012 /* Resources */ = {
			isa = PBXResourcesBuildPhase;
			buildActionMask = 2147483647;
			files = (
				FA371B761FEE5D3400CF1012 /* LaunchScreen.storyboard in Resources */,
				FA371B731FEE5D3400CF1012 /* Assets.xcassets in Resources */,
				FA371B711FEE5D3400CF1012 /* Main.storyboard in Resources */,
			);
			runOnlyForDeploymentPostprocessing = 0;
		};
/* End PBXResourcesBuildPhase section */

/* Begin PBXSourcesBuildPhase section */
		FA371B641FEE5D3400CF1012 /* Sources */ = {
			isa = PBXSourcesBuildPhase;
			buildActionMask = 2147483647;
			files = (
				FA371B6E1FEE5D3400CF1012 /* ViewController.swift in Sources */,
				FA371B6C1FEE5D3400CF1012 /* AppDelegate.swift in Sources */,
				FA371B7F1FEE8AEE00CF1012 /* Product.swift in Sources */,
				FA371B821FEE940300CF1012 /* AddNewViewController.swift in Sources */,
			);
			runOnlyForDeploymentPostprocessing = 0;
		};
/* End PBXSourcesBuildPhase section */

/* Begin PBXVariantGroup section */
		FA371B6F1FEE5D3400CF1012 /* Main.storyboard */ = {
			isa = PBXVariantGroup;
			children = (
				FA371B701FEE5D3400CF1012 /* Base */,
			);
			name = Main.storyboard;
			sourceTree = "<group>";
		};
		FA371B741FEE5D3400CF1012 /* LaunchScreen.storyboard */ = {
			isa = PBXVariantGroup;
			children = (
				FA371B751FEE5D3400CF1012 /* Base */,
			);
			name = LaunchScreen.storyboard;
			sourceTree = "<group>";
		};
/* End PBXVariantGroup section */

/* Begin XCBuildConfiguration section */
		FA371B781FEE5D3400CF1012 /* Debug */ = {
			isa = XCBuildConfiguration;
			buildSettings = {
				ALWAYS_SEARCH_USER_PATHS = NO;
				CLANG_ANALYZER_NONNULL = YES;
				CLANG_ANALYZER_NUMBER_OBJECT_CONVERSION = YES_AGGRESSIVE;
				CLANG_CXX_LANGUAGE_STANDARD = "gnu++0x";
				CLANG_CXX_LIBRARY = "libc++";
				CLANG_ENABLE_MODULES = YES;
				CLANG_ENABLE_OBJC_ARC = YES;
				CLANG_WARN_BOOL_CONVERSION = YES;
				CLANG_WARN_CONSTANT_CONVERSION = YES;
				CLANG_WARN_DIRECT_OBJC_ISA_USAGE = YES_ERROR;
				CLANG_WARN_DOCUMENTATION_COMMENTS = YES;
				CLANG_WARN_EMPTY_BODY = YES;
				CLANG_WARN_ENUM_CONVERSION = YES;
				CLANG_WARN_INFINITE_RECURSION = YES;
				CLANG_WARN_INT_CONVERSION = YES;
				CLANG_WARN_OBJC_ROOT_CLASS = YES_ERROR;
				CLANG_WARN_SUSPICIOUS_MOVE = YES;
				CLANG_WARN_UNREACHABLE_CODE = YES;
				CLANG_WARN__DUPLICATE_METHOD_MATCH = YES;
				"CODE_SIGN_IDENTITY[sdk=iphoneos*]" = "iPhone Developer";
				COPY_PHASE_STRIP = NO;
				DEBUG_INFORMATION_FORMAT = dwarf;
				ENABLE_STRICT_OBJC_MSGSEND = YES;
				ENABLE_TESTABILITY = YES;
				GCC_C_LANGUAGE_STANDARD = gnu99;
				GCC_DYNAMIC_NO_PIC = NO;
				GCC_NO_COMMON_BLOCKS = YES;
				GCC_OPTIMIZATION_LEVEL = 0;
				GCC_PREPROCESSOR_DEFINITIONS = (
					"DEBUG=1",
					"$(inherited)",
				);
				GCC_WARN_64_TO_32_BIT_CONVERSION = YES;
				GCC_WARN_ABOUT_RETURN_TYPE = YES_ERROR;
				GCC_WARN_UNDECLARED_SELECTOR = YES;
				GCC_WARN_UNINITIALIZED_AUTOS = YES_AGGRESSIVE;
				GCC_WARN_UNUSED_FUNCTION = YES;
				GCC_WARN_UNUSED_VARIABLE = YES;
				IPHONEOS_DEPLOYMENT_TARGET = 10.3;
				MTL_ENABLE_DEBUG_INFO = YES;
				ONLY_ACTIVE_ARCH = YES;
				SDKROOT = iphoneos;
				SWIFT_ACTIVE_COMPILATION_CONDITIONS = DEBUG;
				SWIFT_OPTIMIZATION_LEVEL = "-Onone";
			};
			name = Debug;
		};
		FA371B791FEE5D3400CF1012 /* Release */ = {
			isa = XCBuildConfiguration;
			buildSettings = {
				ALWAYS_SEARCH_USER_PATHS = NO;
				CLANG_ANALYZER_NONNULL = YES;
				CLANG_ANALYZER_NUMBER_OBJECT_CONVERSION = YES_AGGRESSIVE;
				CLANG_CXX_LANGUAGE_STANDARD = "gnu++0x";
				CLANG_CXX_LIBRARY = "libc++";
				CLANG_ENABLE_MODULES = YES;
				CLANG_ENABLE_OBJC_ARC = YES;
				CLANG_WARN_BOOL_CONVERSION = YES;
				CLANG_WARN_CONSTANT_CONVERSION = YES;
				CLANG_WARN_DIRECT_OBJC_ISA_USAGE = YES_ERROR;
				CLANG_WARN_DOCUMENTATION_COMMENTS = YES;
				CLANG_WARN_EMPTY_BODY = YES;
				CLANG_WARN_ENUM_CONVERSION = YES;
				CLANG_WARN_INFINITE_RECURSION = YES;
				CLANG_WARN_INT_CONVERSION = YES;
				CLANG_WARN_OBJC_ROOT_CLASS = YES_ERROR;
				CLANG_WARN_SUSPICIOUS_MOVE = YES;
				CLANG_WARN_UNREACHABLE_CODE = YES;
				CLANG_WARN__DUPLICATE_METHOD_MATCH = YES;
				"CODE_SIGN_IDENTITY[sdk=iphoneos*]" = "iPhone Developer";
				COPY_PHASE_STRIP = NO;
				DEBUG_INFORMATION_FORMAT = "dwarf-with-dsym";
				ENABLE_NS_ASSERTIONS = NO;
				ENABLE_STRICT_OBJC_MSGSEND = YES;
				GCC_C_LANGUAGE_STANDARD = gnu99;
				GCC_NO_COMMON_BLOCKS = YES;
				GCC_WARN_64_TO_32_BIT_CONVERSION = YES;
				GCC_WARN_ABOUT_RETURN_TYPE = YES_ERROR;
				GCC_WARN_UNDECLARED_SELECTOR = YES;
				GCC_WARN_UNINITIALIZED_AUTOS = YES_AGGRESSIVE;
				GCC_WARN_UNUSED_FUNCTION = YES;
				GCC_WARN_UNUSED_VARIABLE = YES;
				IPHONEOS_DEPLOYMENT_TARGET = 10.3;
				MTL_ENABLE_DEBUG_INFO = NO;
				SDKROOT = iphoneos;
				SWIFT_OPTIMIZATION_LEVEL = "-Owholemodule";
				VALIDATE_PRODUCT = YES;
			};
			name = Release;
		};
		FA371B7B1FEE5D3400CF1012 /* Debug */ = {
			isa = XCBuildConfiguration;
			buildSettings = {
				ASSETCATALOG_COMPILER_APPICON_NAME = AppIcon;
				INFOPLIST_FILE = iCameraApp/Info.plist;
				LD_RUNPATH_SEARCH_PATHS = "$(inherited) @executable_path/Frameworks";
				PRODUCT_BUNDLE_IDENTIFIER = pgsc.iCameraApp;
				PRODUCT_NAME = "$(TARGET_NAME)";
				SWIFT_VERSION = 3.0;
			};
			name = Debug;
		};
		FA371B7C1FEE5D3400CF1012 /* Release */ = {
			isa = XCBuildConfiguration;
			buildSettings = {
				ASSETCATALOG_COMPILER_APPICON_NAME = AppIcon;
				INFOPLIST_FILE = iCameraApp/Info.plist;
				LD_RUNPATH_SEARCH_PATHS = "$(inherited) @executable_path/Frameworks";
				PRODUCT_BUNDLE_IDENTIFIER = pgsc.iCameraApp;
				PRODUCT_NAME = "$(TARGET_NAME)";
				SWIFT_VERSION = 3.0;
			};
			name = Release;
		};
/* End XCBuildConfiguration section */

/* Begin XCConfigurationList section */
		FA371B631FEE5D3400CF1012 /* Build configuration list for PBXProject "iCameraApp" */ = {
			isa = XCConfigurationList;
			buildConfigurations = (
				FA371B781FEE5D3400CF1012 /* Debug */,
				FA371B791FEE5D3400CF1012 /* Release */,
			);
			defaultConfigurationIsVisible = 0;
			defaultConfigurationName = Release;
		};
		FA371B7A1FEE5D3400CF1012 /* Build configuration list for PBXNativeTarget "iCameraApp" */ = {
			isa = XCConfigurationList;
			buildConfigurations = (
				FA371B7B1FEE5D3400CF1012 /* Debug */,
				FA371B7C1FEE5D3400CF1012 /* Release */,
			);
			defaultConfigurationIsVisible = 0;
		};
/* End XCConfigurationList section */
	};
	rootObject = FA371B601FEE5D3400CF1012 /* Project object */;
}
